{
  "projects": [
    {
      "projectId": "caTPwKxj5ZrD9LQ7DMdK4Z",
      "version": "3.40.0",
      "dependencies": {},
      "lang": "ts",
      "fileLocks": [
        {
          "assetId": "caTPwKxj5ZrD9LQ7DMdK4Z",
          "type": "projectCss",
          "checksum": "1c02168c6b23256606111fdfdbb63549"
        }
      ],
      "codegenVersion": "0.0.1"
    },
    {
      "projectId": "enk3K4vZ6pmH6kVCoZJXGn",
      "version": "4.26.0",
      "dependencies": {},
      "lang": "ts",
      "fileLocks": [
        {
          "assetId": "enk3K4vZ6pmH6kVCoZJXGn",
          "type": "projectCss",
          "checksum": "67c68b20701026439269d7beebecfc49"
        }
      ],
      "codegenVersion": "0.0.1"
    },
    {
      "projectId": "szjgMQpPpxhmkjnaBvZQJG",
      "version": "2.28.0",
      "dependencies": {},
      "lang": "ts",
      "fileLocks": [
        {
          "assetId": "szjgMQpPpxhmkjnaBvZQJG",
          "type": "projectCss",
          "checksum": "72ff85f8dbd01d559ad13ce12accad86"
        }
      ],
      "codegenVersion": "0.0.1"
    },
    {
      "projectId": "84wxoth5npGrp6RRXPL88z",
      "version": "4.30.0",
      "dependencies": {},
      "lang": "ts",
      "fileLocks": [
        {
          "assetId": "84wxoth5npGrp6RRXPL88z",
          "type": "projectCss",
          "checksum": "aedf7b9afd779b089be209519ad30e96"
        },
        {
          "assetId": "84wxoth5npGrp6RRXPL88z",
          "checksum": "14e34fc8ee04382a88f671116234a1e3",
          "type": "globalContexts"
        }
      ],
      "codegenVersion": "0.0.1"
    },
    {
      "projectId": "r3ASNrnyvLLLAtDvzUioQ",
      "version": "4.8.0",
      "dependencies": {},
      "lang": "ts",
      "fileLocks": [
        {
          "assetId": "r3ASNrnyvLLLAtDvzUioQ",
          "type": "projectCss",
          "checksum": "1c02168c6b23256606111fdfdbb63549"
        }
      ],
      "codegenVersion": "0.0.1"
    },
    {
      "projectId": "58GpZjZCWTaJ8AUhpCwt2K",
      "version": "3.28.0",
      "dependencies": {},
      "lang": "ts",
      "fileLocks": [
        {
          "assetId": "58GpZjZCWTaJ8AUhpCwt2K",
          "type": "projectCss",
          "checksum": "f0469e206244772473ab64f50be898f9"
        }
      ],
      "codegenVersion": "0.0.1"
    },
    {
      "projectId": "pqbSBZb9VG36A9gA4GgWPg",
      "version": "latest",
      "dependencies": {
        "58GpZjZCWTaJ8AUhpCwt2K": "3.28.0",
        "r3ASNrnyvLLLAtDvzUioQ": "4.8.0",
        "84wxoth5npGrp6RRXPL88z": "4.30.0",
        "szjgMQpPpxhmkjnaBvZQJG": "2.28.0",
        "enk3K4vZ6pmH6kVCoZJXGn": "4.26.0",
        "caTPwKxj5ZrD9LQ7DMdK4Z": "3.40.0",
        "5dGW8Awro3qq8Hh5MveXLP": "1.28.0",
        "gmeH6XgPaBtkt51HunAo4g": "18.15.0"
      },
      "lang": "ts",
      "fileLocks": [
        {
          "type": "globalVariant",
          "assetId": "2jO3kfG3gnTq",
          "checksum": "ae92ff49a9fa282904bc50845dadd4ee"
        },
        {
          "assetId": "pqbSBZb9VG36A9gA4GgWPg",
          "checksum": "119e089cf32e910f65e9bf0fcf2b157d",
          "type": "globalContexts"
        },
        {
          "type": "renderModule",
          "assetId": "dtNchHOzLhpw",
          "checksum": "67f814021564abda44a411e2f922eb9a"
        },
        {
          "type": "cssRules",
          "assetId": "dtNchHOzLhpw",
          "checksum": "67f814021564abda44a411e2f922eb9a"
        },
        {
          "type": "renderModule",
          "assetId": "7Syv14BwsT8H",
          "checksum": "cfaeb8485c7de9a1b97055330ea2a95f"
        },
        {
          "type": "cssRules",
          "assetId": "7Syv14BwsT8H",
          "checksum": "cfaeb8485c7de9a1b97055330ea2a95f"
        },
        {
          "type": "renderModule",
          "assetId": "jIq4Q7LVWtnB",
          "checksum": "f56734eb5e24db55844b29a43e629134"
        },
        {
          "type": "cssRules",
          "assetId": "jIq4Q7LVWtnB",
          "checksum": "f56734eb5e24db55844b29a43e629134"
        },
        {
          "type": "renderModule",
          "assetId": "YZNtPwXJ6VsS",
          "checksum": "33fbdf82fac30e821abdd40d13e01184"
        },
        {
          "type": "cssRules",
          "assetId": "YZNtPwXJ6VsS",
          "checksum": "33fbdf82fac30e821abdd40d13e01184"
        },
        {
          "type": "renderModule",
          "assetId": "sylimI_bcIFo",
          "checksum": "55e59c6294f8418355249cd3341a04a4"
        },
        {
          "type": "cssRules",
          "assetId": "sylimI_bcIFo",
          "checksum": "55e59c6294f8418355249cd3341a04a4"
        },
        {
          "type": "icon",
          "assetId": "cuJmQzC6i--G",
          "checksum": "5cd59ff3763f2baf7850d4972ac3de7d"
        },
        {
          "type": "icon",
          "assetId": "SHrMv3TaeaGv",
          "checksum": "05a126ec0dedef10587d001d2c2e29b7"
        },
        {
          "type": "icon",
          "assetId": "FOXR5d_qZeG1",
          "checksum": "a324d9b1727000917f514203330e7ca2"
        },
        {
          "type": "icon",
          "assetId": "o3oTJJ1QlA-2",
          "checksum": "ca246173868d5a76dfbd465156916160"
        },
        {
          "type": "icon",
          "assetId": "etfjn81rVY-k",
          "checksum": "e0623ba7697db00c24245961380ce1e9"
        },
        {
          "type": "icon",
          "assetId": "B9HQ4rVr7o7_",
          "checksum": "5e9083142091248f2cfccf707fb51f04"
        },
        {
          "type": "image",
          "assetId": "H6bFTfVsfwhw",
          "checksum": "ef8e3c2089ee0655fa707088875c5865"
        },
        {
          "type": "image",
          "assetId": "YXWQF0N2IuCa",
          "checksum": "279094150818abe033985fcd094582af"
        },
        {
          "type": "image",
          "assetId": "F56KG5-zBGir",
          "checksum": "4c3c3b8bbf539ca94d15eb750fc54fc6"
        },
        {
          "type": "image",
          "assetId": "chbnDOVsLnGf",
          "checksum": "588c42a95bc72920f6fd36ad75eb3efb"
        },
        {
          "type": "image",
          "assetId": "7gv6dYr3G4lE",
          "checksum": "bc41f6fa2f3ad3e6ff7a66d04e0e049d"
        },
        {
          "type": "image",
          "assetId": "q9s7Ox9tivKy",
          "checksum": "d427bf5c639db5c5a5f074c1fea34747"
        },
        {
          "type": "image",
          "assetId": "HWSiGkErYC6I",
          "checksum": "20e9f2879528769b93e61dc9d8fd19e7"
        },
        {
          "type": "image",
          "assetId": "wZTc-3mY4v02",
          "checksum": "2a8b5495b7a35cb37501ff097a38bc72"
        },
        {
          "type": "image",
          "assetId": "WaIFLqWUODjk",
          "checksum": "fffcc41d1be5e3b551f30c18c2daba3b"
        },
        {
          "type": "image",
          "assetId": "XlAnKWqwqLcG",
          "checksum": "fadeb04baa4cda324e141adc417cc752"
        },
        {
          "type": "image",
          "assetId": "qp-XF01v25ru",
          "checksum": "8657e1ce4b01d2c1f91c61495054a05a"
        },
        {
          "type": "image",
          "assetId": "aUxHVFNjBIzL",
          "checksum": "717c06cc0caae55a455f563579dbf329"
        },
        {
          "type": "image",
          "assetId": "TDunR2-rjTF_",
          "checksum": "607e91c6ed635088d5e3d57a38d2d279"
        },
        {
          "type": "image",
          "assetId": "O1N-bBu0NBzb",
          "checksum": "55f54491272ae3236a82824f90f1aa53"
        },
        {
          "type": "image",
          "assetId": "JD3vdRWiEMG7",
          "checksum": "6d3a7835f10893a77a9380f1c0ad9ac0"
        },
        {
          "type": "image",
          "assetId": "TpONjtrcARfq",
          "checksum": "336c2c63af16c286744cb83ad9daf7cf"
        },
        {
          "type": "image",
          "assetId": "KiUInzvDuUdG",
          "checksum": "6907eccc555420be0bd754e17796c313"
        },
        {
          "type": "image",
          "assetId": "7THDf9uHJtb6",
          "checksum": "d5d49b16210faabecf3718208e6df1d9"
        },
        {
          "type": "image",
          "assetId": "MhqGXU6anlsV",
          "checksum": "7811ac02f3f367cbb8cfc7aa9189fd7f"
        },
        {
          "type": "image",
          "assetId": "eLjjBTZnTprf",
          "checksum": "13bb0a617487c2fdd09ce01b112cd82f"
        },
        {
          "type": "image",
          "assetId": "mhzgij2BI18e",
          "checksum": "aac3100bf4fb9e24f5048edead88a107"
        },
        {
          "type": "image",
          "assetId": "lUS9j_gAnWG4",
          "checksum": "e9c3e388db160591c3e625d6bb824d3a"
        },
        {
          "type": "image",
          "assetId": "Glw5ov33mjZa",
          "checksum": "c3090b9a34fa800b5f34298db23a60e8"
        },
        {
          "type": "image",
          "assetId": "iQZq4vgRn5DT",
          "checksum": "493df2974f183f308c25893b598e337a"
        },
        {
          "type": "renderModule",
          "assetId": "mVglz-2PPnwm",
          "checksum": "9d7f12849dc434889fac0f3baa9a2a40"
        },
        {
          "type": "cssRules",
          "assetId": "mVglz-2PPnwm",
          "checksum": "9d7f12849dc434889fac0f3baa9a2a40"
        },
        {
          "type": "renderModule",
          "assetId": "tGuDlEY_p2-T",
          "checksum": "3fd49d42ae81d2089bbabc63b89bd33f"
        },
        {
          "type": "cssRules",
          "assetId": "tGuDlEY_p2-T",
          "checksum": "3fd49d42ae81d2089bbabc63b89bd33f"
        },
        {
          "type": "image",
          "assetId": "ZkjwBuW2u0a7",
          "checksum": "aa5893d83e497d6b91d62c7565a7ca84"
        },
        {
          "type": "renderModule",
          "assetId": "8H4yomi_xrWZ",
          "checksum": "44d25b70e636c5db277e020085750165"
        },
        {
          "type": "cssRules",
          "assetId": "8H4yomi_xrWZ",
          "checksum": "44d25b70e636c5db277e020085750165"
        },
        {
          "type": "renderModule",
          "assetId": "SGzL5zPyMcua",
          "checksum": "7b463d30e68c50f09a9ad70f03b82e3a"
        },
        {
          "type": "cssRules",
          "assetId": "SGzL5zPyMcua",
          "checksum": "7b463d30e68c50f09a9ad70f03b82e3a"
        },
        {
          "type": "renderModule",
          "assetId": "DT1TBfZUYTUH",
          "checksum": "e0378ef9050571feea938ddf1ec8cda6"
        },
        {
          "type": "cssRules",
          "assetId": "DT1TBfZUYTUH",
          "checksum": "e0378ef9050571feea938ddf1ec8cda6"
        },
        {
          "type": "renderModule",
          "assetId": "VEW3qGmI_rAq",
          "checksum": "d5170f2572dba59c47f533f59a40c5a6"
        },
        {
          "type": "cssRules",
          "assetId": "VEW3qGmI_rAq",
          "checksum": "d5170f2572dba59c47f533f59a40c5a6"
        },
        {
          "type": "renderModule",
          "assetId": "oGiErnzBTNfA",
          "checksum": "fe29382b813acd501a250fabab942704"
        },
        {
          "type": "cssRules",
          "assetId": "oGiErnzBTNfA",
          "checksum": "fe29382b813acd501a250fabab942704"
        },
        {
          "type": "renderModule",
          "assetId": "vt7lInvVpX0M",
          "checksum": "f77372705eb4f7e21571b5bfecdfa936"
        },
        {
          "type": "cssRules",
          "assetId": "vt7lInvVpX0M",
          "checksum": "f77372705eb4f7e21571b5bfecdfa936"
        },
        {
          "type": "renderModule",
          "assetId": "MKPAaa8HYxns",
          "checksum": "54f242699224fc37c3defee1a206102c"
        },
        {
          "type": "cssRules",
          "assetId": "MKPAaa8HYxns",
          "checksum": "54f242699224fc37c3defee1a206102c"
        },
        {
          "type": "renderModule",
          "assetId": "_BIGxKAKL5XW",
          "checksum": "c38dd193c16e9d1da78ec833374aadf3"
        },
        {
          "type": "cssRules",
          "assetId": "_BIGxKAKL5XW",
          "checksum": "c38dd193c16e9d1da78ec833374aadf3"
        },
        {
          "type": "renderModule",
          "assetId": "kgn-9fRoQ8T7",
          "checksum": "82fc1080f4c3c28799383793c3537653"
        },
        {
          "type": "cssRules",
          "assetId": "kgn-9fRoQ8T7",
          "checksum": "82fc1080f4c3c28799383793c3537653"
        },
        {
          "type": "renderModule",
          "assetId": "voAPSAvZhi6l",
          "checksum": "aee4d7d5f41ab56c788c8ae8327c1a8c"
        },
        {
          "type": "cssRules",
          "assetId": "voAPSAvZhi6l",
          "checksum": "aee4d7d5f41ab56c788c8ae8327c1a8c"
        },
        {
          "type": "icon",
          "assetId": "OWrVJSFZH11_",
          "checksum": "2817a128f8d74774b0619375bee650f5"
        },
        {
          "type": "icon",
          "assetId": "3K3JIfR6z95J",
          "checksum": "b736d3efdafae6213e7ce73db7d2d5ed"
        },
        {
          "type": "image",
          "assetId": "nEBlXW5ZKNQ8",
          "checksum": "7d3cf9b90a418d00c69088761c963bac"
        },
        {
          "type": "image",
          "assetId": "9CTQ1Ok97BpU",
          "checksum": "949534eb857e1dceb54e971045442168"
        },
        {
          "type": "image",
          "assetId": "9tuzTsW6sZ90",
          "checksum": "f5c67a92cda906193765a1bb92886100"
        },
        {
          "type": "image",
          "assetId": "9fKqhZ0l_edK",
          "checksum": "2d46669d4271f0dd949b36064e5797b9"
        },
        {
          "type": "image",
          "assetId": "0J7_ZPiOQsEP",
          "checksum": "3c50bac9d1adafbdb0827dda5bbeb64a"
        },
        {
          "type": "image",
          "assetId": "wF5Sa6xQQ4nc",
          "checksum": "8d5bf48ee50b111dc3a41b7e38f15f4c"
        },
        {
          "type": "image",
          "assetId": "UXMO8O8EizD6",
          "checksum": "070d628f62ea63fda1dc004757f65265"
        },
        {
          "type": "image",
          "assetId": "zjB1z-SlA--y",
          "checksum": "ae9a992bb1e19d781ee08c9ac23f726d"
        },
        {
          "type": "image",
          "assetId": "o4qjT0GnTYx-",
          "checksum": "c05c37d0638d3156b8ce3a211e6ab8bb"
        },
        {
          "type": "image",
          "assetId": "rGWwMtsGgIFY",
          "checksum": "8f2c85a7d5557244903871e1b4116dc8"
        },
        {
          "type": "image",
          "assetId": "6iHKce-f-SCA",
          "checksum": "52f09702d448e424814cf1e0fcbbfe26"
        },
        {
          "type": "image",
          "assetId": "bUVRSvB7lOTh",
          "checksum": "331fdbad1e1b21f32a03f998105b9505"
        },
        {
          "type": "image",
          "assetId": "torddy6UJY2Y",
          "checksum": "4379174291ffb191e84d1ca8e9c3ab61"
        },
        {
          "type": "image",
          "assetId": "JxLk4ddwWWUG",
          "checksum": "280f72ed15712bf5ba36fe4e2108c80f"
        },
        {
          "type": "image",
          "assetId": "u_ijZ5YvjE0X",
          "checksum": "dba72a0f323c29dd9e891cf5959d8c46"
        },
        {
          "type": "image",
          "assetId": "lIM-jFKdnSTE",
          "checksum": "ef306ffc3aaf707e32713746775103ff"
        },
        {
          "type": "image",
          "assetId": "kRB7JSTQn1sV",
          "checksum": "e592a782b2ca5b0fb55929f81e650b64"
        },
        {
          "type": "image",
          "assetId": "Ox3OrdgNfJAB",
          "checksum": "9b033ee20a579d25ef2a0d59f4dc1940"
        },
        {
          "type": "image",
          "assetId": "Csy1fSHOdQPK",
          "checksum": "fecb79e8c2888a82ed8985a31b6f83d4"
        },
        {
          "type": "renderModule",
          "assetId": "5Va_uZjqlW_m",
          "checksum": "ce50122fd50ed109aa621a864d6a5405"
        },
        {
          "type": "cssRules",
          "assetId": "5Va_uZjqlW_m",
          "checksum": "ce50122fd50ed109aa621a864d6a5405"
        },
        {
          "type": "renderModule",
          "assetId": "97KwaVSIhY1v",
          "checksum": "3ce80f90f389ff17f966776bab4549a3"
        },
        {
          "type": "cssRules",
          "assetId": "97KwaVSIhY1v",
          "checksum": "3ce80f90f389ff17f966776bab4549a3"
        },
        {
          "type": "renderModule",
          "assetId": "LGxavWnqUsHr",
          "checksum": "666129e158a43435c1d5bca8223a3b43"
        },
        {
          "type": "cssRules",
          "assetId": "LGxavWnqUsHr",
          "checksum": "666129e158a43435c1d5bca8223a3b43"
        },
        {
          "type": "renderModule",
          "assetId": "W_0c-3I8RVPn",
          "checksum": "e3d6e95bc52a3e86ddc7ca70d9d9c8f3"
        },
        {
          "type": "cssRules",
          "assetId": "W_0c-3I8RVPn",
          "checksum": "e3d6e95bc52a3e86ddc7ca70d9d9c8f3"
        },
        {
          "type": "renderModule",
          "assetId": "gps9zapGC3h9",
          "checksum": "eef5d99f4c9b410ee91d94acd5de78fe"
        },
        {
          "type": "cssRules",
          "assetId": "gps9zapGC3h9",
          "checksum": "eef5d99f4c9b410ee91d94acd5de78fe"
        },
        {
          "type": "renderModule",
          "assetId": "afhvlQtgWcWV",
          "checksum": "fa53a5e904baabcafb2fa36fb34c8bbd"
        },
        {
          "type": "cssRules",
          "assetId": "afhvlQtgWcWV",
          "checksum": "fa53a5e904baabcafb2fa36fb34c8bbd"
        },
        {
          "type": "renderModule",
          "assetId": "MpsyFOWcgJb-",
          "checksum": "ec9eb7d946fd82e2c5d66018396bb5fc"
        },
        {
          "type": "cssRules",
          "assetId": "MpsyFOWcgJb-",
          "checksum": "ec9eb7d946fd82e2c5d66018396bb5fc"
        },
        {
          "type": "renderModule",
          "assetId": "9jYfnuXxIGTf",
          "checksum": "3b88cfd7ac3a61eb0eb599ce5b519148"
        },
        {
          "type": "cssRules",
          "assetId": "9jYfnuXxIGTf",
          "checksum": "3b88cfd7ac3a61eb0eb599ce5b519148"
        },
        {
          "type": "icon",
          "assetId": "6mU2sApCUA59",
          "checksum": "32c3428a456a59dffd2e0d7bbbb61f2c"
        },
        {
          "type": "icon",
          "assetId": "CPTSatje6Vfz",
          "checksum": "c0be20190778ab26786a3c85e3986f03"
        },
        {
          "type": "image",
          "assetId": "RUmxzAZbQ4uf",
          "checksum": "fe13d817ebdc30c44b2e2b64359f2a22"
        },
        {
          "type": "image",
          "assetId": "4VDSgEplzaku",
          "checksum": "2322e91381fc84545c2ccb95b6b33dd2"
        },
        {
          "type": "image",
          "assetId": "8LwiPkoK_Xpo",
          "checksum": "6fa21835c27ba02ae0d8605f06f37c27"
        },
        {
          "type": "image",
          "assetId": "m-sLoLaFiy0d",
          "checksum": "b29d0405c213349263b550c0bca3dfde"
        },
        {
          "type": "image",
          "assetId": "ipCk31TPRG2r",
          "checksum": "862a12ab6441c925fc1e2eb4ae6f8c1d"
        },
        {
          "type": "image",
          "assetId": "aar3KSvARsk2",
          "checksum": "4339f76c6158071523733a000c72483c"
        },
        {
          "type": "image",
          "assetId": "Ngz8udOpnqkR",
          "checksum": "bd034de9ecc411609303a8b84ae7af4f"
        },
        {
          "type": "image",
          "assetId": "0h5BI5EC0JX_",
          "checksum": "c35ee2c622821097ff430ffe95ede4ec"
        },
        {
          "type": "image",
          "assetId": "h_zvFjUULvOb",
          "checksum": "8ae53a6d6100e5b3907fe32b51bd679b"
        },
        {
          "type": "image",
          "assetId": "8vy_VQYcDJZY",
          "checksum": "00825906752ad9b2015c1333f8c960bf"
        },
        {
          "type": "image",
          "assetId": "kn02Kzuf_w_a",
          "checksum": "3dcb00a6b88f0fe0177223985914a63b"
        },
        {
          "type": "image",
          "assetId": "st7KEpdcJxwq",
          "checksum": "afff0f36fd6406f1aded404ca1578f6d"
        },
        {
          "type": "image",
          "assetId": "NBgm8HRavAIR",
          "checksum": "d7418719c806272834dd2f1b620c60c1"
        },
        {
          "type": "image",
          "assetId": "1Hmks-H53Rl3",
          "checksum": "37e42ec624102216525d2eec021a84c4"
        },
        {
          "type": "renderModule",
          "assetId": "n9CAmSoM4Xda",
          "checksum": "575ce08b4f841f71de2885fc38ca3d12"
        },
        {
          "type": "cssRules",
          "assetId": "n9CAmSoM4Xda",
          "checksum": "575ce08b4f841f71de2885fc38ca3d12"
        },
        {
          "type": "image",
          "assetId": "lHdbNvbxGMW1",
          "checksum": "dea093bd6016dba0f5f488f4143bb2b5"
        },
        {
          "type": "image",
          "assetId": "aM9Ei7Ac4qMO",
          "checksum": "ccbb4356b187b2bc243e832d9adc7742"
        },
        {
          "assetId": "pqbSBZb9VG36A9gA4GgWPg",
          "type": "projectCss",
          "checksum": "6df5ad526963f4d41ae53cf1774c41b9"
        }
      ],
      "codegenVersion": "0.0.1"
    },
    {
      "projectId": "gmeH6XgPaBtkt51HunAo4g",
      "version": "18.15.0",
      "dependencies": {},
      "lang": "ts",
      "fileLocks": [
        {
          "assetId": "gmeH6XgPaBtkt51HunAo4g",
          "type": "projectCss",
          "checksum": "1c02168c6b23256606111fdfdbb63549"
        }
      ],
      "codegenVersion": "0.0.1"
    },
    {
      "projectId": "5dGW8Awro3qq8Hh5MveXLP",
      "version": "1.28.0",
      "dependencies": {},
      "lang": "ts",
      "fileLocks": [
        {
          "assetId": "5dGW8Awro3qq8Hh5MveXLP",
          "type": "projectCss",
          "checksum": "853dbe64f7ebbe0fdaa1ab72cf5b53e6"
        }
      ],
      "codegenVersion": "0.0.1"
    }
  ],
  "cliVersion": "0.1.334"
}
