{
  "projects": [
    {
      "projectId": "caTPwKxj5ZrD9LQ7DMdK4Z",
      "version": "3.42.0",
      "dependencies": {},
      "lang": "ts",
      "fileLocks": [
        {
          "assetId": "caTPwKxj5ZrD9LQ7DMdK4Z",
          "type": "projectCss",
          "checksum": "1c02168c6b23256606111fdfdbb63549"
        }
      ],
      "codegenVersion": "0.0.1"
    },
    {
      "projectId": "enk3K4vZ6pmH6kVCoZJXGn",
      "version": "4.28.0",
      "dependencies": {},
      "lang": "ts",
      "fileLocks": [
        {
          "assetId": "enk3K4vZ6pmH6kVCoZJXGn",
          "type": "projectCss",
          "checksum": "67c68b20701026439269d7beebecfc49"
        }
      ],
      "codegenVersion": "0.0.1"
    },
    {
      "projectId": "szjgMQpPpxhmkjnaBvZQJG",
      "version": "2.30.0",
      "dependencies": {},
      "lang": "ts",
      "fileLocks": [
        {
          "assetId": "szjgMQpPpxhmkjnaBvZQJG",
          "type": "projectCss",
          "checksum": "72ff85f8dbd01d559ad13ce12accad86"
        }
      ],
      "codegenVersion": "0.0.1"
    },
    {
      "projectId": "84wxoth5npGrp6RRXPL88z",
      "version": "4.32.0",
      "dependencies": {},
      "lang": "ts",
      "fileLocks": [
        {
          "assetId": "84wxoth5npGrp6RRXPL88z",
          "checksum": "a6922f1d9c72c47827138a4ab01b1554",
          "type": "globalContexts"
        },
        {
          "assetId": "84wxoth5npGrp6RRXPL88z",
          "type": "projectCss",
          "checksum": "aedf7b9afd779b089be209519ad30e96"
        }
      ],
      "codegenVersion": "0.0.1"
    },
    {
      "projectId": "r3ASNrnyvLLLAtDvzUioQ",
      "version": "4.10.0",
      "dependencies": {},
      "lang": "ts",
      "fileLocks": [
        {
          "assetId": "r3ASNrnyvLLLAtDvzUioQ",
          "type": "projectCss",
          "checksum": "1c02168c6b23256606111fdfdbb63549"
        }
      ],
      "codegenVersion": "0.0.1"
    },
    {
      "projectId": "58GpZjZCWTaJ8AUhpCwt2K",
      "version": "3.30.0",
      "dependencies": {},
      "lang": "ts",
      "fileLocks": [
        {
          "assetId": "58GpZjZCWTaJ8AUhpCwt2K",
          "type": "projectCss",
          "checksum": "f0469e206244772473ab64f50be898f9"
        }
      ],
      "codegenVersion": "0.0.1"
    },
    {
      "projectId": "pqbSBZb9VG36A9gA4GgWPg",
      "version": "latest",
      "dependencies": {
        "58GpZjZCWTaJ8AUhpCwt2K": "3.30.0",
        "r3ASNrnyvLLLAtDvzUioQ": "4.10.0",
        "84wxoth5npGrp6RRXPL88z": "4.32.0",
        "szjgMQpPpxhmkjnaBvZQJG": "2.30.0",
        "enk3K4vZ6pmH6kVCoZJXGn": "4.28.0",
        "caTPwKxj5ZrD9LQ7DMdK4Z": "3.42.0",
        "5dGW8Awro3qq8Hh5MveXLP": "1.30.0",
        "gmeH6XgPaBtkt51HunAo4g": "18.20.0"
      },
      "lang": "ts",
      "fileLocks": [
        {
          "type": "globalVariant",
          "assetId": "2jO3kfG3gnTq",
          "checksum": "62b66c463f3a8b7cfb545829c31c6ec3"
        },
        {
          "assetId": "pqbSBZb9VG36A9gA4GgWPg",
          "checksum": "119e089cf32e910f65e9bf0fcf2b157d",
          "type": "globalContexts"
        },
        {
          "type": "renderModule",
          "assetId": "dtNchHOzLhpw",
          "checksum": "903043611bf6a23f705a2f36a784e169"
        },
        {
          "type": "cssRules",
          "assetId": "dtNchHOzLhpw",
          "checksum": "903043611bf6a23f705a2f36a784e169"
        },
        {
          "type": "renderModule",
          "assetId": "jIq4Q7LVWtnB",
          "checksum": "d635502b3be88c1d0298ef194a3bd088"
        },
        {
          "type": "cssRules",
          "assetId": "jIq4Q7LVWtnB",
          "checksum": "d635502b3be88c1d0298ef194a3bd088"
        },
        {
          "type": "renderModule",
          "assetId": "YZNtPwXJ6VsS",
          "checksum": "025d71fabc817d3d229f21c47dddda52"
        },
        {
          "type": "cssRules",
          "assetId": "YZNtPwXJ6VsS",
          "checksum": "025d71fabc817d3d229f21c47dddda52"
        },
        {
          "type": "renderModule",
          "assetId": "sylimI_bcIFo",
          "checksum": "ecefb7be457a07bc8db1308e713bf518"
        },
        {
          "type": "cssRules",
          "assetId": "sylimI_bcIFo",
          "checksum": "ecefb7be457a07bc8db1308e713bf518"
        },
        {
          "type": "icon",
          "assetId": "cuJmQzC6i--G",
          "checksum": "5cd59ff3763f2baf7850d4972ac3de7d"
        },
        {
          "type": "icon",
          "assetId": "SHrMv3TaeaGv",
          "checksum": "05a126ec0dedef10587d001d2c2e29b7"
        },
        {
          "type": "icon",
          "assetId": "FOXR5d_qZeG1",
          "checksum": "a324d9b1727000917f514203330e7ca2"
        },
        {
          "type": "icon",
          "assetId": "o3oTJJ1QlA-2",
          "checksum": "ca246173868d5a76dfbd465156916160"
        },
        {
          "type": "icon",
          "assetId": "etfjn81rVY-k",
          "checksum": "e0623ba7697db00c24245961380ce1e9"
        },
        {
          "type": "icon",
          "assetId": "B9HQ4rVr7o7_",
          "checksum": "5e9083142091248f2cfccf707fb51f04"
        },
        {
          "type": "image",
          "assetId": "H6bFTfVsfwhw",
          "checksum": "ef8e3c2089ee0655fa707088875c5865"
        },
        {
          "type": "image",
          "assetId": "YXWQF0N2IuCa",
          "checksum": "279094150818abe033985fcd094582af"
        },
        {
          "type": "image",
          "assetId": "F56KG5-zBGir",
          "checksum": "4c3c3b8bbf539ca94d15eb750fc54fc6"
        },
        {
          "type": "image",
          "assetId": "chbnDOVsLnGf",
          "checksum": "588c42a95bc72920f6fd36ad75eb3efb"
        },
        {
          "type": "image",
          "assetId": "7gv6dYr3G4lE",
          "checksum": "bc41f6fa2f3ad3e6ff7a66d04e0e049d"
        },
        {
          "type": "image",
          "assetId": "q9s7Ox9tivKy",
          "checksum": "d427bf5c639db5c5a5f074c1fea34747"
        },
        {
          "type": "image",
          "assetId": "HWSiGkErYC6I",
          "checksum": "20e9f2879528769b93e61dc9d8fd19e7"
        },
        {
          "type": "image",
          "assetId": "wZTc-3mY4v02",
          "checksum": "2a8b5495b7a35cb37501ff097a38bc72"
        },
        {
          "type": "image",
          "assetId": "WaIFLqWUODjk",
          "checksum": "fffcc41d1be5e3b551f30c18c2daba3b"
        },
        {
          "type": "image",
          "assetId": "XlAnKWqwqLcG",
          "checksum": "fadeb04baa4cda324e141adc417cc752"
        },
        {
          "type": "image",
          "assetId": "qp-XF01v25ru",
          "checksum": "8657e1ce4b01d2c1f91c61495054a05a"
        },
        {
          "type": "image",
          "assetId": "aUxHVFNjBIzL",
          "checksum": "717c06cc0caae55a455f563579dbf329"
        },
        {
          "type": "image",
          "assetId": "TDunR2-rjTF_",
          "checksum": "607e91c6ed635088d5e3d57a38d2d279"
        },
        {
          "type": "image",
          "assetId": "O1N-bBu0NBzb",
          "checksum": "55f54491272ae3236a82824f90f1aa53"
        },
        {
          "type": "image",
          "assetId": "JD3vdRWiEMG7",
          "checksum": "6d3a7835f10893a77a9380f1c0ad9ac0"
        },
        {
          "type": "image",
          "assetId": "TpONjtrcARfq",
          "checksum": "336c2c63af16c286744cb83ad9daf7cf"
        },
        {
          "type": "image",
          "assetId": "KiUInzvDuUdG",
          "checksum": "6907eccc555420be0bd754e17796c313"
        },
        {
          "type": "image",
          "assetId": "7THDf9uHJtb6",
          "checksum": "d5d49b16210faabecf3718208e6df1d9"
        },
        {
          "type": "image",
          "assetId": "MhqGXU6anlsV",
          "checksum": "7811ac02f3f367cbb8cfc7aa9189fd7f"
        },
        {
          "type": "image",
          "assetId": "eLjjBTZnTprf",
          "checksum": "13bb0a617487c2fdd09ce01b112cd82f"
        },
        {
          "type": "image",
          "assetId": "mhzgij2BI18e",
          "checksum": "aac3100bf4fb9e24f5048edead88a107"
        },
        {
          "type": "image",
          "assetId": "lUS9j_gAnWG4",
          "checksum": "e9c3e388db160591c3e625d6bb824d3a"
        },
        {
          "type": "image",
          "assetId": "Glw5ov33mjZa",
          "checksum": "c3090b9a34fa800b5f34298db23a60e8"
        },
        {
          "type": "image",
          "assetId": "iQZq4vgRn5DT",
          "checksum": "493df2974f183f308c25893b598e337a"
        },
        {
          "type": "renderModule",
          "assetId": "mVglz-2PPnwm",
          "checksum": "55fa15be6e9f1e2621b0706a643423d3"
        },
        {
          "type": "cssRules",
          "assetId": "mVglz-2PPnwm",
          "checksum": "55fa15be6e9f1e2621b0706a643423d3"
        },
        {
          "type": "renderModule",
          "assetId": "tGuDlEY_p2-T",
          "checksum": "6fe7b84fd0fc84d8a3057deb7810fc05"
        },
        {
          "type": "cssRules",
          "assetId": "tGuDlEY_p2-T",
          "checksum": "6fe7b84fd0fc84d8a3057deb7810fc05"
        },
        {
          "type": "image",
          "assetId": "ZkjwBuW2u0a7",
          "checksum": "aa5893d83e497d6b91d62c7565a7ca84"
        },
        {
          "type": "renderModule",
          "assetId": "8H4yomi_xrWZ",
          "checksum": "6985cf7ee69fba1bec0e74e452ebe33a"
        },
        {
          "type": "cssRules",
          "assetId": "8H4yomi_xrWZ",
          "checksum": "6985cf7ee69fba1bec0e74e452ebe33a"
        },
        {
          "type": "renderModule",
          "assetId": "SGzL5zPyMcua",
          "checksum": "26a34e3f2d746cac743223a10d7ccb9f"
        },
        {
          "type": "cssRules",
          "assetId": "SGzL5zPyMcua",
          "checksum": "26a34e3f2d746cac743223a10d7ccb9f"
        },
        {
          "type": "renderModule",
          "assetId": "DT1TBfZUYTUH",
          "checksum": "418178a11ff45fbd83f2ce8212f87fda"
        },
        {
          "type": "cssRules",
          "assetId": "DT1TBfZUYTUH",
          "checksum": "418178a11ff45fbd83f2ce8212f87fda"
        },
        {
          "type": "renderModule",
          "assetId": "VEW3qGmI_rAq",
          "checksum": "05a4801f07f5ecffe141c35778c1e892"
        },
        {
          "type": "cssRules",
          "assetId": "VEW3qGmI_rAq",
          "checksum": "05a4801f07f5ecffe141c35778c1e892"
        },
        {
          "type": "renderModule",
          "assetId": "oGiErnzBTNfA",
          "checksum": "d916fee2841023dae1cc361b5a78dc43"
        },
        {
          "type": "cssRules",
          "assetId": "oGiErnzBTNfA",
          "checksum": "d916fee2841023dae1cc361b5a78dc43"
        },
        {
          "type": "renderModule",
          "assetId": "vt7lInvVpX0M",
          "checksum": "523b2a7b82f9bb5c450d504cd7d601c3"
        },
        {
          "type": "cssRules",
          "assetId": "vt7lInvVpX0M",
          "checksum": "523b2a7b82f9bb5c450d504cd7d601c3"
        },
        {
          "type": "renderModule",
          "assetId": "MKPAaa8HYxns",
          "checksum": "ffe2961cf6519124d84e82dcbf4fc3d8"
        },
        {
          "type": "cssRules",
          "assetId": "MKPAaa8HYxns",
          "checksum": "ffe2961cf6519124d84e82dcbf4fc3d8"
        },
        {
          "type": "renderModule",
          "assetId": "_BIGxKAKL5XW",
          "checksum": "5243846559e536853abe89546ff80b07"
        },
        {
          "type": "cssRules",
          "assetId": "_BIGxKAKL5XW",
          "checksum": "5243846559e536853abe89546ff80b07"
        },
        {
          "type": "renderModule",
          "assetId": "kgn-9fRoQ8T7",
          "checksum": "26768d498aeb3881665fd26d5cbae242"
        },
        {
          "type": "cssRules",
          "assetId": "kgn-9fRoQ8T7",
          "checksum": "26768d498aeb3881665fd26d5cbae242"
        },
        {
          "type": "renderModule",
          "assetId": "voAPSAvZhi6l",
          "checksum": "0bfdee4d5ef60614bbbe49e39c598bd8"
        },
        {
          "type": "cssRules",
          "assetId": "voAPSAvZhi6l",
          "checksum": "0bfdee4d5ef60614bbbe49e39c598bd8"
        },
        {
          "type": "icon",
          "assetId": "OWrVJSFZH11_",
          "checksum": "2817a128f8d74774b0619375bee650f5"
        },
        {
          "type": "icon",
          "assetId": "3K3JIfR6z95J",
          "checksum": "b736d3efdafae6213e7ce73db7d2d5ed"
        },
        {
          "type": "image",
          "assetId": "nEBlXW5ZKNQ8",
          "checksum": "7d3cf9b90a418d00c69088761c963bac"
        },
        {
          "type": "image",
          "assetId": "9CTQ1Ok97BpU",
          "checksum": "949534eb857e1dceb54e971045442168"
        },
        {
          "type": "image",
          "assetId": "9tuzTsW6sZ90",
          "checksum": "f5c67a92cda906193765a1bb92886100"
        },
        {
          "type": "image",
          "assetId": "9fKqhZ0l_edK",
          "checksum": "2d46669d4271f0dd949b36064e5797b9"
        },
        {
          "type": "image",
          "assetId": "0J7_ZPiOQsEP",
          "checksum": "3c50bac9d1adafbdb0827dda5bbeb64a"
        },
        {
          "type": "image",
          "assetId": "wF5Sa6xQQ4nc",
          "checksum": "8d5bf48ee50b111dc3a41b7e38f15f4c"
        },
        {
          "type": "image",
          "assetId": "UXMO8O8EizD6",
          "checksum": "070d628f62ea63fda1dc004757f65265"
        },
        {
          "type": "image",
          "assetId": "zjB1z-SlA--y",
          "checksum": "ae9a992bb1e19d781ee08c9ac23f726d"
        },
        {
          "type": "image",
          "assetId": "o4qjT0GnTYx-",
          "checksum": "c05c37d0638d3156b8ce3a211e6ab8bb"
        },
        {
          "type": "image",
          "assetId": "rGWwMtsGgIFY",
          "checksum": "8f2c85a7d5557244903871e1b4116dc8"
        },
        {
          "type": "image",
          "assetId": "6iHKce-f-SCA",
          "checksum": "52f09702d448e424814cf1e0fcbbfe26"
        },
        {
          "type": "image",
          "assetId": "bUVRSvB7lOTh",
          "checksum": "331fdbad1e1b21f32a03f998105b9505"
        },
        {
          "type": "image",
          "assetId": "torddy6UJY2Y",
          "checksum": "4379174291ffb191e84d1ca8e9c3ab61"
        },
        {
          "type": "image",
          "assetId": "JxLk4ddwWWUG",
          "checksum": "280f72ed15712bf5ba36fe4e2108c80f"
        },
        {
          "type": "image",
          "assetId": "u_ijZ5YvjE0X",
          "checksum": "dba72a0f323c29dd9e891cf5959d8c46"
        },
        {
          "type": "image",
          "assetId": "lIM-jFKdnSTE",
          "checksum": "ef306ffc3aaf707e32713746775103ff"
        },
        {
          "type": "image",
          "assetId": "kRB7JSTQn1sV",
          "checksum": "e592a782b2ca5b0fb55929f81e650b64"
        },
        {
          "type": "image",
          "assetId": "Ox3OrdgNfJAB",
          "checksum": "9b033ee20a579d25ef2a0d59f4dc1940"
        },
        {
          "type": "image",
          "assetId": "Csy1fSHOdQPK",
          "checksum": "fecb79e8c2888a82ed8985a31b6f83d4"
        },
        {
          "type": "renderModule",
          "assetId": "5Va_uZjqlW_m",
          "checksum": "9f3b32353b3624dac8fade88ffdb16ec"
        },
        {
          "type": "cssRules",
          "assetId": "5Va_uZjqlW_m",
          "checksum": "9f3b32353b3624dac8fade88ffdb16ec"
        },
        {
          "type": "renderModule",
          "assetId": "97KwaVSIhY1v",
          "checksum": "4d913f3e5ada427e063e9f6398db67e1"
        },
        {
          "type": "cssRules",
          "assetId": "97KwaVSIhY1v",
          "checksum": "4d913f3e5ada427e063e9f6398db67e1"
        },
        {
          "type": "renderModule",
          "assetId": "LGxavWnqUsHr",
          "checksum": "a8bf095082c4521d02c3bff6984de8ae"
        },
        {
          "type": "cssRules",
          "assetId": "LGxavWnqUsHr",
          "checksum": "a8bf095082c4521d02c3bff6984de8ae"
        },
        {
          "type": "renderModule",
          "assetId": "W_0c-3I8RVPn",
          "checksum": "224aa94726952e818689934105e385e7"
        },
        {
          "type": "cssRules",
          "assetId": "W_0c-3I8RVPn",
          "checksum": "224aa94726952e818689934105e385e7"
        },
        {
          "type": "renderModule",
          "assetId": "gps9zapGC3h9",
          "checksum": "9389bf3ab533e0efa97176edac4d53cb"
        },
        {
          "type": "cssRules",
          "assetId": "gps9zapGC3h9",
          "checksum": "9389bf3ab533e0efa97176edac4d53cb"
        },
        {
          "type": "renderModule",
          "assetId": "afhvlQtgWcWV",
          "checksum": "27a9da1a0146ec8c99406256cb5f3dad"
        },
        {
          "type": "cssRules",
          "assetId": "afhvlQtgWcWV",
          "checksum": "27a9da1a0146ec8c99406256cb5f3dad"
        },
        {
          "type": "renderModule",
          "assetId": "MpsyFOWcgJb-",
          "checksum": "892dff226381d4214bb009e20babc36d"
        },
        {
          "type": "cssRules",
          "assetId": "MpsyFOWcgJb-",
          "checksum": "892dff226381d4214bb009e20babc36d"
        },
        {
          "type": "renderModule",
          "assetId": "9jYfnuXxIGTf",
          "checksum": "a31a8ad0e9ef7b5c36a693ca6a5ec4c3"
        },
        {
          "type": "cssRules",
          "assetId": "9jYfnuXxIGTf",
          "checksum": "a31a8ad0e9ef7b5c36a693ca6a5ec4c3"
        },
        {
          "type": "icon",
          "assetId": "6mU2sApCUA59",
          "checksum": "32c3428a456a59dffd2e0d7bbbb61f2c"
        },
        {
          "type": "icon",
          "assetId": "CPTSatje6Vfz",
          "checksum": "c0be20190778ab26786a3c85e3986f03"
        },
        {
          "type": "image",
          "assetId": "RUmxzAZbQ4uf",
          "checksum": "fe13d817ebdc30c44b2e2b64359f2a22"
        },
        {
          "type": "image",
          "assetId": "4VDSgEplzaku",
          "checksum": "2322e91381fc84545c2ccb95b6b33dd2"
        },
        {
          "type": "image",
          "assetId": "8LwiPkoK_Xpo",
          "checksum": "6fa21835c27ba02ae0d8605f06f37c27"
        },
        {
          "type": "image",
          "assetId": "m-sLoLaFiy0d",
          "checksum": "b29d0405c213349263b550c0bca3dfde"
        },
        {
          "type": "image",
          "assetId": "ipCk31TPRG2r",
          "checksum": "862a12ab6441c925fc1e2eb4ae6f8c1d"
        },
        {
          "type": "image",
          "assetId": "aar3KSvARsk2",
          "checksum": "4339f76c6158071523733a000c72483c"
        },
        {
          "type": "image",
          "assetId": "Ngz8udOpnqkR",
          "checksum": "bd034de9ecc411609303a8b84ae7af4f"
        },
        {
          "type": "image",
          "assetId": "0h5BI5EC0JX_",
          "checksum": "c35ee2c622821097ff430ffe95ede4ec"
        },
        {
          "type": "image",
          "assetId": "h_zvFjUULvOb",
          "checksum": "8ae53a6d6100e5b3907fe32b51bd679b"
        },
        {
          "type": "image",
          "assetId": "8vy_VQYcDJZY",
          "checksum": "00825906752ad9b2015c1333f8c960bf"
        },
        {
          "type": "image",
          "assetId": "kn02Kzuf_w_a",
          "checksum": "3dcb00a6b88f0fe0177223985914a63b"
        },
        {
          "type": "image",
          "assetId": "st7KEpdcJxwq",
          "checksum": "afff0f36fd6406f1aded404ca1578f6d"
        },
        {
          "type": "image",
          "assetId": "NBgm8HRavAIR",
          "checksum": "d7418719c806272834dd2f1b620c60c1"
        },
        {
          "type": "image",
          "assetId": "1Hmks-H53Rl3",
          "checksum": "37e42ec624102216525d2eec021a84c4"
        },
        {
          "type": "renderModule",
          "assetId": "n9CAmSoM4Xda",
          "checksum": "f19e02d52ea31c8272598d6c02eec8ec"
        },
        {
          "type": "cssRules",
          "assetId": "n9CAmSoM4Xda",
          "checksum": "f19e02d52ea31c8272598d6c02eec8ec"
        },
        {
          "type": "image",
          "assetId": "lHdbNvbxGMW1",
          "checksum": "dea093bd6016dba0f5f488f4143bb2b5"
        },
        {
          "type": "image",
          "assetId": "aM9Ei7Ac4qMO",
          "checksum": "ccbb4356b187b2bc243e832d9adc7742"
        },
        {
          "type": "renderModule",
          "assetId": "ipseRw4g8tZK",
          "checksum": "f40362e34e7b7e8b699f00852c271e8c"
        },
        {
          "type": "cssRules",
          "assetId": "ipseRw4g8tZK",
          "checksum": "f40362e34e7b7e8b699f00852c271e8c"
        },
        {
          "type": "image",
          "assetId": "XWCP9SPrt5Od",
          "checksum": "a40283afafa1e5f69ecd7767e7e95917"
        },
        {
          "type": "image",
          "assetId": "-voWpAviavci",
          "checksum": "b332252b6dd83e54bbffb1c81025e712"
        },
        {
          "type": "renderModule",
          "assetId": "cUvwq54AIwDk",
          "checksum": "b9842137112d380c29b1bcf660a244b4"
        },
        {
          "type": "cssRules",
          "assetId": "cUvwq54AIwDk",
          "checksum": "b9842137112d380c29b1bcf660a244b4"
        },
        {
          "type": "renderModule",
          "assetId": "iZ3pTsugcA9b",
          "checksum": "cdf39124e0a872e5a7213ee5cb8cfec1"
        },
        {
          "type": "cssRules",
          "assetId": "iZ3pTsugcA9b",
          "checksum": "cdf39124e0a872e5a7213ee5cb8cfec1"
        },
        {
          "type": "renderModule",
          "assetId": "xKDa_h1WuCnX",
          "checksum": "9a60ee89046ef1afa749026828a2fb5f"
        },
        {
          "type": "cssRules",
          "assetId": "xKDa_h1WuCnX",
          "checksum": "9a60ee89046ef1afa749026828a2fb5f"
        },
        {
          "type": "renderModule",
          "assetId": "gmP4OuqAmmNj",
          "checksum": "4c502572735600930dd07b8543d3a555"
        },
        {
          "type": "cssRules",
          "assetId": "gmP4OuqAmmNj",
          "checksum": "4c502572735600930dd07b8543d3a555"
        },
        {
          "type": "renderModule",
          "assetId": "mGYignknmvRA",
          "checksum": "ce7142bcf9b1f3821ec174d1cfa95a4b"
        },
        {
          "type": "cssRules",
          "assetId": "mGYignknmvRA",
          "checksum": "ce7142bcf9b1f3821ec174d1cfa95a4b"
        },
        {
          "type": "image",
          "assetId": "Mis8IUUwTEnk",
          "checksum": "1155f47e01c33d79d8afcc54ceb36187"
        },
        {
          "type": "image",
          "assetId": "qIV6PBk_s9EW",
          "checksum": "01c3f5426440345312beada9ead2f1fe"
        },
        {
          "type": "image",
          "assetId": "FM07swT54I7T",
          "checksum": "7f856dd8fb68c48555f636e46d04b7ae"
        },
        {
          "type": "image",
          "assetId": "cPNfzbqMbTK4",
          "checksum": "e73aaa3f3958f1ad9a19f54d4fbf2edf"
        },
        {
          "type": "image",
          "assetId": "J7ZIaz6I1wxY",
          "checksum": "4e760b6eeec880138a19aeb13ebd9cda"
        },
        {
          "type": "image",
          "assetId": "T1IFydq-P_l5",
          "checksum": "8f2e66fdcd1811fd31379f68f9b4d287"
        },
        {
          "type": "image",
          "assetId": "Mn0KuvhlBFeM",
          "checksum": "778641e97a6dfb566a6870501c01b2e0"
        },
        {
          "type": "image",
          "assetId": "IDfbOEBk-9AM",
          "checksum": "b47843f273617a9bd9be7c877f186b8f"
        },
        {
          "type": "image",
          "assetId": "vNxyAkjr3-GU",
          "checksum": "7e54a7214fae65fc092baa3168348038"
        },
        {
          "type": "image",
          "assetId": "6kgz9OQFTaZ4",
          "checksum": "c075c0d85ac4c968a8524106a993124e"
        },
        {
          "type": "image",
          "assetId": "nAPEX7ElPtW0",
          "checksum": "c8e5996df2901e565f24fc1ee9c77cf7"
        },
        {
          "type": "image",
          "assetId": "QwecC-q2iAbP",
          "checksum": "b428af0fa0016a8484cbadda464d78d4"
        },
        {
          "type": "image",
          "assetId": "MTvy--B90dWi",
          "checksum": "254350d547d8f0c83524c021f0993ff7"
        },
        {
          "type": "image",
          "assetId": "m2tNqv4daKBV",
          "checksum": "e25ba7baa8065dff34700c41f1623cba"
        },
        {
          "type": "image",
          "assetId": "G3OAhOZ0IY2V",
          "checksum": "15709bb759bd88d45bfca490c749721d"
        },
        {
          "type": "image",
          "assetId": "NyPz0sC7j3As",
          "checksum": "43d88d1fc7ac24bda5ee48ba0c0d80eb"
        },
        {
          "type": "image",
          "assetId": "z_JfVTFN-6Nr",
          "checksum": "954b5decf86f4d1d3122ec7e2001f04f"
        },
        {
          "type": "renderModule",
          "assetId": "UbQJeS6FBfv3",
          "checksum": "d1d4b37b19227658ca6ab7ad4d6dbbaa"
        },
        {
          "type": "cssRules",
          "assetId": "UbQJeS6FBfv3",
          "checksum": "d1d4b37b19227658ca6ab7ad4d6dbbaa"
        },
        {
          "type": "renderModule",
          "assetId": "3v9SLLLuotfV",
          "checksum": "8c36e242cb201b3e92d6785a240130be"
        },
        {
          "type": "cssRules",
          "assetId": "3v9SLLLuotfV",
          "checksum": "8c36e242cb201b3e92d6785a240130be"
        },
        {
          "type": "image",
          "assetId": "Q2ic1w3qfK9-",
          "checksum": "828149b0cfdc12d15e02274f8de8f377"
        },
        {
          "type": "image",
          "assetId": "oGX_UrBmtxFq",
          "checksum": "e3fa2eb500a1da45bc790a539130fe71"
        },
        {
          "type": "image",
          "assetId": "gaNHidmXNAZK",
          "checksum": "065afd30d66b7c8bad2fdf5fc6d5b631"
        },
        {
          "type": "image",
          "assetId": "6PVQ0Caiix92",
          "checksum": "31616d750adb26ef30a70521f8e6c954"
        },
        {
          "type": "image",
          "assetId": "rM8Mo7srfZFF",
          "checksum": "23179f63a933a1da46d9693bd77f85d3"
        },
        {
          "type": "image",
          "assetId": "tLt8Fhimru-A",
          "checksum": "5df9a997e6075e172543fd15c0c74713"
        },
        {
          "type": "image",
          "assetId": "h2RitSKjF3gZ",
          "checksum": "9f90491fb04b2e5826cbe9879c6c5fce"
        },
        {
          "type": "image",
          "assetId": "-EkicidHteHJ",
          "checksum": "ff66b20ddd77506224664d6a16a93dff"
        },
        {
          "type": "image",
          "assetId": "m9IVGLRR98k1",
          "checksum": "e53ae8253894935fd7890b4631c96028"
        },
        {
          "type": "image",
          "assetId": "_QrCqPCclXgy",
          "checksum": "bdd1057c796ed833a77ed2a290a5a805"
        },
        {
          "type": "image",
          "assetId": "OMOguyw7L8Sl",
          "checksum": "221fc02e845b3eaad4ed5431c1884e00"
        },
        {
          "type": "image",
          "assetId": "M531q0KNYuCr",
          "checksum": "7eb72cfecfd52181afa12f7a7ffac5b2"
        },
        {
          "type": "renderModule",
          "assetId": "K7mQOjwyQOCq",
          "checksum": "1befccd4d360e9b6fe5077b64cf332e5"
        },
        {
          "type": "cssRules",
          "assetId": "K7mQOjwyQOCq",
          "checksum": "1befccd4d360e9b6fe5077b64cf332e5"
        },
        {
          "type": "image",
          "assetId": "N5m2h_3ZBp0X",
          "checksum": "b1001e4732c1c2ebbb39cad5f5c63495"
        },
        {
          "type": "renderModule",
          "assetId": "Fx6jkwQxAebM",
          "checksum": "22de9a3dbf8752f6d5d260504c4ca831"
        },
        {
          "type": "cssRules",
          "assetId": "Fx6jkwQxAebM",
          "checksum": "22de9a3dbf8752f6d5d260504c4ca831"
        },
        {
          "type": "image",
          "assetId": "PMK7caY3vVGC",
          "checksum": "030a9c17bc263954575fe4fbd8119a15"
        },
        {
          "type": "image",
          "assetId": "_LwuYjwx-4f9",
          "checksum": "5d63d6871ae838f8af87c366e5e5fb4b"
        },
        {
          "type": "image",
          "assetId": "M6KTAbtJMKut",
          "checksum": "623ab8a9fc0ee8d3d0e7ff441cc6a281"
        },
        {
          "type": "image",
          "assetId": "IFwDjJ3DcK8X",
          "checksum": "c262f9d42a3582ca09bdf18d8efc3c9d"
        },
        {
          "type": "renderModule",
          "assetId": "ceoSk4_Tn_gI",
          "checksum": "850415b6fd3cc2355c2c67e0543c3614"
        },
        {
          "type": "cssRules",
          "assetId": "ceoSk4_Tn_gI",
          "checksum": "850415b6fd3cc2355c2c67e0543c3614"
        },
        {
          "type": "image",
          "assetId": "n7oQvdOV-dy4",
          "checksum": "a88a08c68bf928e153a01d3bfe082866"
        },
        {
          "type": "image",
          "assetId": "H50Q1MIS2OJ7",
          "checksum": "9e553ed9e9d2922cf3030c4c3358c86c"
        },
        {
          "type": "image",
          "assetId": "eMf1yQ52Sa-u",
          "checksum": "6d2a7a03cfe9d11c6f0b4dfefb232e9e"
        },
        {
          "type": "image",
          "assetId": "VCit_V2iFXaK",
          "checksum": "b3ebfcc3a003484dfe1c5cc5ae7fa354"
        },
        {
          "type": "renderModule",
          "assetId": "My_K85wr1wJ2",
          "checksum": "f01e05435a13a86485dd30f85db62be2"
        },
        {
          "type": "cssRules",
          "assetId": "My_K85wr1wJ2",
          "checksum": "f01e05435a13a86485dd30f85db62be2"
        },
        {
          "type": "renderModule",
          "assetId": "lhueAMWT6GZY",
          "checksum": "6b7d7f3cff8a93d0dea948114b5a2ae1"
        },
        {
          "type": "cssRules",
          "assetId": "lhueAMWT6GZY",
          "checksum": "6b7d7f3cff8a93d0dea948114b5a2ae1"
        },
        {
          "type": "image",
          "assetId": "IE6G7L_z3NFo",
          "checksum": "1d526887a71c96e7ecb30475fae50074"
        },
        {
          "type": "image",
          "assetId": "uHRea6N19yUm",
          "checksum": "4b8478319034517c6eb2a336aaa3867d"
        },
        {
          "type": "image",
          "assetId": "6rUAH5ev83z7",
          "checksum": "f0876bc47e3975d3bace3b0ba720302e"
        },
        {
          "type": "image",
          "assetId": "fyTRy4tD6yB-",
          "checksum": "aa4c331edcf339bfa031358f54f76723"
        },
        {
          "type": "image",
          "assetId": "_kWlmDJxV587",
          "checksum": "22ef227f1f1bbd36f3c21a6090c50a16"
        },
        {
          "type": "image",
          "assetId": "NefDEsH3GHi8",
          "checksum": "74b62408a0a64cb8985568b91961ea46"
        },
        {
          "type": "image",
          "assetId": "kDbEdCSGCk6Q",
          "checksum": "ea0e748d25e5ca352aa33146408c26ee"
        },
        {
          "assetId": "pqbSBZb9VG36A9gA4GgWPg",
          "type": "projectCss",
          "checksum": "f8745ce7346cf71dc4d9fb3a837641b0"
        },
        {
          "type": "image",
          "assetId": "7T1noYyEDTUT",
          "checksum": "c89255cee5435d96047d95bb7b998fc0"
        },
        {
          "type": "image",
          "assetId": "iCHu0inSvlDS",
          "checksum": "545e16cab1f4ba073e3d53d1dbf9ec48"
        },
        {
          "type": "image",
          "assetId": "hzV-Hf3RgCnP",
          "checksum": "77a0848d78cdb27a6d593072ee39dd11"
        }
      ],
      "codegenVersion": "0.0.1"
    },
    {
      "projectId": "gmeH6XgPaBtkt51HunAo4g",
      "version": "18.20.0",
      "dependencies": {},
      "lang": "ts",
      "fileLocks": [
        {
          "assetId": "gmeH6XgPaBtkt51HunAo4g",
          "type": "projectCss",
          "checksum": "1c02168c6b23256606111fdfdbb63549"
        }
      ],
      "codegenVersion": "0.0.1"
    },
    {
      "projectId": "5dGW8Awro3qq8Hh5MveXLP",
      "version": "1.30.0",
      "dependencies": {},
      "lang": "ts",
      "fileLocks": [
        {
          "assetId": "5dGW8Awro3qq8Hh5MveXLP",
          "type": "projectCss",
          "checksum": "853dbe64f7ebbe0fdaa1ab72cf5b53e6"
        }
      ],
      "codegenVersion": "0.0.1"
    }
  ],
  "cliVersion": "0.1.334"
}
