{
  "projects": [
    {
      "projectId": "caTPwKxj5ZrD9LQ7DMdK4Z",
      "version": "3.40.0",
      "dependencies": {},
      "lang": "ts",
      "fileLocks": [
        {
          "assetId": "caTPwKxj5ZrD9LQ7DMdK4Z",
          "type": "projectCss",
          "checksum": "1c02168c6b23256606111fdfdbb63549"
        }
      ],
      "codegenVersion": "0.0.1"
    },
    {
      "projectId": "enk3K4vZ6pmH6kVCoZJXGn",
      "version": "4.26.0",
      "dependencies": {},
      "lang": "ts",
      "fileLocks": [
        {
          "assetId": "enk3K4vZ6pmH6kVCoZJXGn",
          "type": "projectCss",
          "checksum": "67c68b20701026439269d7beebecfc49"
        }
      ],
      "codegenVersion": "0.0.1"
    },
    {
      "projectId": "szjgMQpPpxhmkjnaBvZQJG",
      "version": "2.28.0",
      "dependencies": {},
      "lang": "ts",
      "fileLocks": [
        {
          "assetId": "szjgMQpPpxhmkjnaBvZQJG",
          "type": "projectCss",
          "checksum": "72ff85f8dbd01d559ad13ce12accad86"
        }
      ],
      "codegenVersion": "0.0.1"
    },
    {
      "projectId": "84wxoth5npGrp6RRXPL88z",
      "version": "4.30.0",
      "dependencies": {},
      "lang": "ts",
      "fileLocks": [
        {
          "assetId": "84wxoth5npGrp6RRXPL88z",
          "type": "projectCss",
          "checksum": "aedf7b9afd779b089be209519ad30e96"
        },
        {
          "assetId": "84wxoth5npGrp6RRXPL88z",
          "checksum": "14e34fc8ee04382a88f671116234a1e3",
          "type": "globalContexts"
        }
      ],
      "codegenVersion": "0.0.1"
    },
    {
      "projectId": "r3ASNrnyvLLLAtDvzUioQ",
      "version": "4.8.0",
      "dependencies": {},
      "lang": "ts",
      "fileLocks": [
        {
          "assetId": "r3ASNrnyvLLLAtDvzUioQ",
          "type": "projectCss",
          "checksum": "1c02168c6b23256606111fdfdbb63549"
        }
      ],
      "codegenVersion": "0.0.1"
    },
    {
      "projectId": "58GpZjZCWTaJ8AUhpCwt2K",
      "version": "3.28.0",
      "dependencies": {},
      "lang": "ts",
      "fileLocks": [
        {
          "assetId": "58GpZjZCWTaJ8AUhpCwt2K",
          "type": "projectCss",
          "checksum": "f0469e206244772473ab64f50be898f9"
        }
      ],
      "codegenVersion": "0.0.1"
    },
    {
      "projectId": "pqbSBZb9VG36A9gA4GgWPg",
      "version": "latest",
      "dependencies": {
        "58GpZjZCWTaJ8AUhpCwt2K": "3.28.0",
        "r3ASNrnyvLLLAtDvzUioQ": "4.8.0",
        "84wxoth5npGrp6RRXPL88z": "4.30.0",
        "szjgMQpPpxhmkjnaBvZQJG": "2.28.0",
        "enk3K4vZ6pmH6kVCoZJXGn": "4.26.0",
        "caTPwKxj5ZrD9LQ7DMdK4Z": "3.40.0"
      },
      "lang": "ts",
      "fileLocks": [
        {
          "type": "globalVariant",
          "assetId": "2jO3kfG3gnTq",
          "checksum": "b8e5ef1b613f695438881743ff2f086d"
        },
        {
          "assetId": "pqbSBZb9VG36A9gA4GgWPg",
          "checksum": "236b921ba157d86eebe5858f061d1684",
          "type": "globalContexts"
        },
        {
          "type": "renderModule",
          "assetId": "dtNchHOzLhpw",
          "checksum": "e398a3634e0a2da39733585ad214c5fe"
        },
        {
          "type": "cssRules",
          "assetId": "dtNchHOzLhpw",
          "checksum": "e398a3634e0a2da39733585ad214c5fe"
        },
        {
          "type": "renderModule",
          "assetId": "7Syv14BwsT8H",
          "checksum": "24accf8594c8e337bb658c288b7e8338"
        },
        {
          "type": "cssRules",
          "assetId": "7Syv14BwsT8H",
          "checksum": "24accf8594c8e337bb658c288b7e8338"
        },
        {
          "type": "renderModule",
          "assetId": "jIq4Q7LVWtnB",
          "checksum": "b043e020ec568e4496111b64c5828a4c"
        },
        {
          "type": "cssRules",
          "assetId": "jIq4Q7LVWtnB",
          "checksum": "b043e020ec568e4496111b64c5828a4c"
        },
        {
          "type": "renderModule",
          "assetId": "YZNtPwXJ6VsS",
          "checksum": "64f9ae40238cfd8cebd87ddbc6f09c5b"
        },
        {
          "type": "cssRules",
          "assetId": "YZNtPwXJ6VsS",
          "checksum": "64f9ae40238cfd8cebd87ddbc6f09c5b"
        },
        {
          "type": "renderModule",
          "assetId": "sylimI_bcIFo",
          "checksum": "b19c10658dd25a14a9a989a8753f81d9"
        },
        {
          "type": "cssRules",
          "assetId": "sylimI_bcIFo",
          "checksum": "b19c10658dd25a14a9a989a8753f81d9"
        },
        {
          "type": "renderModule",
          "assetId": "z-Sybd3ZW6KX",
          "checksum": "f9af16baec666441d40712f80863c5e6"
        },
        {
          "type": "cssRules",
          "assetId": "z-Sybd3ZW6KX",
          "checksum": "f9af16baec666441d40712f80863c5e6"
        },
        {
          "type": "icon",
          "assetId": "cuJmQzC6i--G",
          "checksum": "82366402beb0b873ff2528dfcdc38bc0"
        },
        {
          "type": "icon",
          "assetId": "SHrMv3TaeaGv",
          "checksum": "09a1254be709cfce2b12caf147c8f2b4"
        },
        {
          "type": "icon",
          "assetId": "FOXR5d_qZeG1",
          "checksum": "77bc8dfb0b097c8976899d3722e08881"
        },
        {
          "type": "icon",
          "assetId": "o3oTJJ1QlA-2",
          "checksum": "f8e79bd045a20c3ec4f8749da146195a"
        },
        {
          "type": "icon",
          "assetId": "etfjn81rVY-k",
          "checksum": "e2bef415b9696884cd11947ffd7b539f"
        },
        {
          "type": "icon",
          "assetId": "B9HQ4rVr7o7_",
          "checksum": "a5806426e190a8a02e87d48f115a443a"
        },
        {
          "type": "image",
          "assetId": "H6bFTfVsfwhw",
          "checksum": "ef8e3c2089ee0655fa707088875c5865"
        },
        {
          "type": "image",
          "assetId": "YXWQF0N2IuCa",
          "checksum": "279094150818abe033985fcd094582af"
        },
        {
          "type": "image",
          "assetId": "F56KG5-zBGir",
          "checksum": "4c3c3b8bbf539ca94d15eb750fc54fc6"
        },
        {
          "type": "image",
          "assetId": "chbnDOVsLnGf",
          "checksum": "588c42a95bc72920f6fd36ad75eb3efb"
        },
        {
          "type": "image",
          "assetId": "7gv6dYr3G4lE",
          "checksum": "bc41f6fa2f3ad3e6ff7a66d04e0e049d"
        },
        {
          "type": "image",
          "assetId": "q9s7Ox9tivKy",
          "checksum": "d427bf5c639db5c5a5f074c1fea34747"
        },
        {
          "type": "image",
          "assetId": "HWSiGkErYC6I",
          "checksum": "20e9f2879528769b93e61dc9d8fd19e7"
        },
        {
          "type": "image",
          "assetId": "wZTc-3mY4v02",
          "checksum": "2a8b5495b7a35cb37501ff097a38bc72"
        },
        {
          "type": "image",
          "assetId": "WaIFLqWUODjk",
          "checksum": "fffcc41d1be5e3b551f30c18c2daba3b"
        },
        {
          "type": "image",
          "assetId": "XlAnKWqwqLcG",
          "checksum": "fadeb04baa4cda324e141adc417cc752"
        },
        {
          "type": "image",
          "assetId": "qp-XF01v25ru",
          "checksum": "8657e1ce4b01d2c1f91c61495054a05a"
        },
        {
          "type": "image",
          "assetId": "aUxHVFNjBIzL",
          "checksum": "717c06cc0caae55a455f563579dbf329"
        },
        {
          "type": "image",
          "assetId": "TDunR2-rjTF_",
          "checksum": "607e91c6ed635088d5e3d57a38d2d279"
        },
        {
          "type": "image",
          "assetId": "O1N-bBu0NBzb",
          "checksum": "55f54491272ae3236a82824f90f1aa53"
        },
        {
          "type": "image",
          "assetId": "JD3vdRWiEMG7",
          "checksum": "6d3a7835f10893a77a9380f1c0ad9ac0"
        },
        {
          "type": "image",
          "assetId": "TpONjtrcARfq",
          "checksum": "336c2c63af16c286744cb83ad9daf7cf"
        },
        {
          "type": "image",
          "assetId": "KiUInzvDuUdG",
          "checksum": "6907eccc555420be0bd754e17796c313"
        },
        {
          "type": "image",
          "assetId": "7THDf9uHJtb6",
          "checksum": "d5d49b16210faabecf3718208e6df1d9"
        },
        {
          "type": "image",
          "assetId": "MhqGXU6anlsV",
          "checksum": "7811ac02f3f367cbb8cfc7aa9189fd7f"
        },
        {
          "type": "image",
          "assetId": "eLjjBTZnTprf",
          "checksum": "13bb0a617487c2fdd09ce01b112cd82f"
        },
        {
          "type": "image",
          "assetId": "mhzgij2BI18e",
          "checksum": "aac3100bf4fb9e24f5048edead88a107"
        },
        {
          "type": "image",
          "assetId": "lUS9j_gAnWG4",
          "checksum": "e9c3e388db160591c3e625d6bb824d3a"
        },
        {
          "type": "image",
          "assetId": "Glw5ov33mjZa",
          "checksum": "c3090b9a34fa800b5f34298db23a60e8"
        },
        {
          "type": "image",
          "assetId": "iQZq4vgRn5DT",
          "checksum": "493df2974f183f308c25893b598e337a"
        },
        {
          "assetId": "pqbSBZb9VG36A9gA4GgWPg",
          "type": "projectCss",
          "checksum": "c4c3224fa4337faeedff837cd9cbbc0b"
        }
      ],
      "codegenVersion": "0.0.1"
    }
  ],
  "cliVersion": "0.1.334"
}
